
Microsoft Visual Studio Solution File, Format Version 12.00
# Visual Studio 15
VisualStudioVersion = 15.0.26124.0
MinimumVisualStudioVersion = 15.0.26124.0
Project("{FAE04EC0-301F-11D3-BF4B-00C04F79EFBC}") = "cs", "cs\cs.csproj", "{AB9CC29D-6A5E-4BEF-A4D1-ACB544A5478F}"
EndProject
Project("{FAE04EC0-301F-11D3-BF4B-00C04F79EFBC}") = "cs.Tests", "cs.Tests\cs.Tests.csproj", "{FB670628-BB57-43D0-B7B9-018DC1955A2B}"
EndProject
Global
	GlobalSection(SolutionConfigurationPlatforms) = preSolution
		Debug|Any CPU = Debug|Any CPU
		Debug|x64 = Debug|x64
		Debug|x86 = Debug|x86
		Release|Any CPU = Release|Any CPU
		Release|x64 = Release|x64
		Release|x86 = Release|x86
	EndGlobalSection
	GlobalSection(SolutionProperties) = preSolution
		HideSolutionNode = FALSE
	EndGlobalSection
	GlobalSection(ProjectConfigurationPlatforms) = postSolution
		{AB9CC29D-6A5E-4BEF-A4D1-ACB544A5478F}.Debug|Any CPU.ActiveCfg = Debug|Any CPU
		{AB9CC29D-6A5E-4BEF-A4D1-ACB544A5478F}.Debug|Any CPU.Build.0 = Debug|Any CPU
		{AB9CC29D-6A5E-4BEF-A4D1-ACB544A5478F}.Debug|x64.ActiveCfg = Debug|Any CPU
		{AB9CC29D-6A5E-4BEF-A4D1-ACB544A5478F}.Debug|x64.Build.0 = Debug|Any CPU
		{AB9CC29D-6A5E-4BEF-A4D1-ACB544A5478F}.Debug|x86.ActiveCfg = Debug|Any CPU
		{AB9CC29D-6A5E-4BEF-A4D1-ACB544A5478F}.Debug|x86.Build.0 = Debug|Any CPU
		{AB9CC29D-6A5E-4BEF-A4D1-ACB544A5478F}.Release|Any CPU.ActiveCfg = Release|Any CPU
		{AB9CC29D-6A5E-4BEF-A4D1-ACB544A5478F}.Release|Any CPU.Build.0 = Release|Any CPU
		{AB9CC29D-6A5E-4BEF-A4D1-ACB544A5478F}.Release|x64.ActiveCfg = Release|Any CPU
		{AB9CC29D-6A5E-4BEF-A4D1-ACB544A5478F}.Release|x64.Build.0 = Release|Any CPU
		{AB9CC29D-6A5E-4BEF-A4D1-ACB544A5478F}.Release|x86.ActiveCfg = Release|Any CPU
		{AB9CC29D-6A5E-4BEF-A4D1-ACB544A5478F}.Release|x86.Build.0 = Release|Any CPU
		{FB670628-BB57-43D0-B7B9-018DC1955A2B}.Debug|Any CPU.ActiveCfg = Debug|Any CPU
		{FB670628-BB57-43D0-B7B9-018DC1955A2B}.Debug|Any CPU.Build.0 = Debug|Any CPU
		{FB670628-BB57-43D0-B7B9-018DC1955A2B}.Debug|x64.ActiveCfg = Debug|Any CPU
		{FB670628-BB57-43D0-B7B9-018DC1955A2B}.Debug|x64.Build.0 = Debug|Any CPU
		{FB670628-BB57-43D0-B7B9-018DC1955A2B}.Debug|x86.ActiveCfg = Debug|Any CPU
		{FB670628-BB57-43D0-B7B9-018DC1955A2B}.Debug|x86.Build.0 = Debug|Any CPU
		{FB670628-BB57-43D0-B7B9-018DC1955A2B}.Release|Any CPU.ActiveCfg = Release|Any CPU
		{FB670628-BB57-43D0-B7B9-018DC1955A2B}.Release|Any CPU.Build.0 = Release|Any CPU
		{FB670628-BB57-43D0-B7B9-018DC1955A2B}.Release|x64.ActiveCfg = Release|Any CPU
		{FB670628-BB57-43D0-B7B9-018DC1955A2B}.Release|x64.Build.0 = Release|Any CPU
		{FB670628-BB57-43D0-B7B9-018DC1955A2B}.Release|x86.ActiveCfg = Release|Any CPU
		{FB670628-BB57-43D0-B7B9-018DC1955A2B}.Release|x86.Build.0 = Release|Any CPU
	EndGlobalSection
EndGlobal
