
Microsoft Visual Studio Solution File, Format Version 12.00
# Visual Studio 15
VisualStudioVersion = 15.0.26124.0
MinimumVisualStudioVersion = 15.0.26124.0
Project("{FAE04EC0-301F-11D3-BF4B-00C04F79EFBC}") = "Exam1_cs", "Exam1_cs\Exam1_cs.csproj", "{EE5155BC-6975-4969-88DA-FFA1EFB32CD1}"
EndProject
Project("{FAE04EC0-301F-11D3-BF4B-00C04F79EFBC}") = "Exam1_cs.Tests", "Exam1_cs.Tests\Exam1_cs.Tests.csproj", "{02BDBE1D-1499-45EE-A18A-D6E6A8919146}"
EndProject
Global
	GlobalSection(SolutionConfigurationPlatforms) = preSolution
		Debug|Any CPU = Debug|Any CPU
		Debug|x64 = Debug|x64
		Debug|x86 = Debug|x86
		Release|Any CPU = Release|Any CPU
		Release|x64 = Release|x64
		Release|x86 = Release|x86
	EndGlobalSection
	GlobalSection(SolutionProperties) = preSolution
		HideSolutionNode = FALSE
	EndGlobalSection
	GlobalSection(ProjectConfigurationPlatforms) = postSolution
		{EE5155BC-6975-4969-88DA-FFA1EFB32CD1}.Debug|Any CPU.ActiveCfg = Debug|Any CPU
		{EE5155BC-6975-4969-88DA-FFA1EFB32CD1}.Debug|Any CPU.Build.0 = Debug|Any CPU
		{EE5155BC-6975-4969-88DA-FFA1EFB32CD1}.Debug|x64.ActiveCfg = Debug|Any CPU
		{EE5155BC-6975-4969-88DA-FFA1EFB32CD1}.Debug|x64.Build.0 = Debug|Any CPU
		{EE5155BC-6975-4969-88DA-FFA1EFB32CD1}.Debug|x86.ActiveCfg = Debug|Any CPU
		{EE5155BC-6975-4969-88DA-FFA1EFB32CD1}.Debug|x86.Build.0 = Debug|Any CPU
		{EE5155BC-6975-4969-88DA-FFA1EFB32CD1}.Release|Any CPU.ActiveCfg = Release|Any CPU
		{EE5155BC-6975-4969-88DA-FFA1EFB32CD1}.Release|Any CPU.Build.0 = Release|Any CPU
		{EE5155BC-6975-4969-88DA-FFA1EFB32CD1}.Release|x64.ActiveCfg = Release|Any CPU
		{EE5155BC-6975-4969-88DA-FFA1EFB32CD1}.Release|x64.Build.0 = Release|Any CPU
		{EE5155BC-6975-4969-88DA-FFA1EFB32CD1}.Release|x86.ActiveCfg = Release|Any CPU
		{EE5155BC-6975-4969-88DA-FFA1EFB32CD1}.Release|x86.Build.0 = Release|Any CPU
		{02BDBE1D-1499-45EE-A18A-D6E6A8919146}.Debug|Any CPU.ActiveCfg = Debug|Any CPU
		{02BDBE1D-1499-45EE-A18A-D6E6A8919146}.Debug|Any CPU.Build.0 = Debug|Any CPU
		{02BDBE1D-1499-45EE-A18A-D6E6A8919146}.Debug|x64.ActiveCfg = Debug|Any CPU
		{02BDBE1D-1499-45EE-A18A-D6E6A8919146}.Debug|x64.Build.0 = Debug|Any CPU
		{02BDBE1D-1499-45EE-A18A-D6E6A8919146}.Debug|x86.ActiveCfg = Debug|Any CPU
		{02BDBE1D-1499-45EE-A18A-D6E6A8919146}.Debug|x86.Build.0 = Debug|Any CPU
		{02BDBE1D-1499-45EE-A18A-D6E6A8919146}.Release|Any CPU.ActiveCfg = Release|Any CPU
		{02BDBE1D-1499-45EE-A18A-D6E6A8919146}.Release|Any CPU.Build.0 = Release|Any CPU
		{02BDBE1D-1499-45EE-A18A-D6E6A8919146}.Release|x64.ActiveCfg = Release|Any CPU
		{02BDBE1D-1499-45EE-A18A-D6E6A8919146}.Release|x64.Build.0 = Release|Any CPU
		{02BDBE1D-1499-45EE-A18A-D6E6A8919146}.Release|x86.ActiveCfg = Release|Any CPU
		{02BDBE1D-1499-45EE-A18A-D6E6A8919146}.Release|x86.Build.0 = Release|Any CPU
	EndGlobalSection
EndGlobal
