
Microsoft Visual Studio Solution File, Format Version 12.00
# Visual Studio 15
VisualStudioVersion = 15.0.26124.0
MinimumVisualStudioVersion = 15.0.26124.0
Project("{FAE04EC0-301F-11D3-BF4B-00C04F79EFBC}") = "A10_cs", "A10_cs\A10_cs.csproj", "{C4CD469A-D0B7-475F-AE5C-E3631E68D28A}"
EndProject
Project("{FAE04EC0-301F-11D3-BF4B-00C04F79EFBC}") = "A10_cs.Tests", "A10_cs.Tests\A10_cs.Tests.csproj", "{5E0C9106-C483-4685-8CA5-5E0EBB8A1200}"
EndProject
Global
	GlobalSection(SolutionConfigurationPlatforms) = preSolution
		Debug|Any CPU = Debug|Any CPU
		Debug|x64 = Debug|x64
		Debug|x86 = Debug|x86
		Release|Any CPU = Release|Any CPU
		Release|x64 = Release|x64
		Release|x86 = Release|x86
	EndGlobalSection
	GlobalSection(SolutionProperties) = preSolution
		HideSolutionNode = FALSE
	EndGlobalSection
	GlobalSection(ProjectConfigurationPlatforms) = postSolution
		{C4CD469A-D0B7-475F-AE5C-E3631E68D28A}.Debug|Any CPU.ActiveCfg = Debug|Any CPU
		{C4CD469A-D0B7-475F-AE5C-E3631E68D28A}.Debug|Any CPU.Build.0 = Debug|Any CPU
		{C4CD469A-D0B7-475F-AE5C-E3631E68D28A}.Debug|x64.ActiveCfg = Debug|Any CPU
		{C4CD469A-D0B7-475F-AE5C-E3631E68D28A}.Debug|x64.Build.0 = Debug|Any CPU
		{C4CD469A-D0B7-475F-AE5C-E3631E68D28A}.Debug|x86.ActiveCfg = Debug|Any CPU
		{C4CD469A-D0B7-475F-AE5C-E3631E68D28A}.Debug|x86.Build.0 = Debug|Any CPU
		{C4CD469A-D0B7-475F-AE5C-E3631E68D28A}.Release|Any CPU.ActiveCfg = Release|Any CPU
		{C4CD469A-D0B7-475F-AE5C-E3631E68D28A}.Release|Any CPU.Build.0 = Release|Any CPU
		{C4CD469A-D0B7-475F-AE5C-E3631E68D28A}.Release|x64.ActiveCfg = Release|Any CPU
		{C4CD469A-D0B7-475F-AE5C-E3631E68D28A}.Release|x64.Build.0 = Release|Any CPU
		{C4CD469A-D0B7-475F-AE5C-E3631E68D28A}.Release|x86.ActiveCfg = Release|Any CPU
		{C4CD469A-D0B7-475F-AE5C-E3631E68D28A}.Release|x86.Build.0 = Release|Any CPU
		{5E0C9106-C483-4685-8CA5-5E0EBB8A1200}.Debug|Any CPU.ActiveCfg = Debug|Any CPU
		{5E0C9106-C483-4685-8CA5-5E0EBB8A1200}.Debug|Any CPU.Build.0 = Debug|Any CPU
		{5E0C9106-C483-4685-8CA5-5E0EBB8A1200}.Debug|x64.ActiveCfg = Debug|Any CPU
		{5E0C9106-C483-4685-8CA5-5E0EBB8A1200}.Debug|x64.Build.0 = Debug|Any CPU
		{5E0C9106-C483-4685-8CA5-5E0EBB8A1200}.Debug|x86.ActiveCfg = Debug|Any CPU
		{5E0C9106-C483-4685-8CA5-5E0EBB8A1200}.Debug|x86.Build.0 = Debug|Any CPU
		{5E0C9106-C483-4685-8CA5-5E0EBB8A1200}.Release|Any CPU.ActiveCfg = Release|Any CPU
		{5E0C9106-C483-4685-8CA5-5E0EBB8A1200}.Release|Any CPU.Build.0 = Release|Any CPU
		{5E0C9106-C483-4685-8CA5-5E0EBB8A1200}.Release|x64.ActiveCfg = Release|Any CPU
		{5E0C9106-C483-4685-8CA5-5E0EBB8A1200}.Release|x64.Build.0 = Release|Any CPU
		{5E0C9106-C483-4685-8CA5-5E0EBB8A1200}.Release|x86.ActiveCfg = Release|Any CPU
		{5E0C9106-C483-4685-8CA5-5E0EBB8A1200}.Release|x86.Build.0 = Release|Any CPU
	EndGlobalSection
EndGlobal
